
Microsoft Visual Studio Solution File, Format Version 12.00
# Visual Studio Version 16
VisualStudioVersion = 16.0.29613.14
MinimumVisualStudioVersion = 10.0.40219.1
Project("{FAE04EC0-301F-11D3-BF4B-00C04F79EFBC}") = "Parcial1_Maria", "Parcial1_Maria.csproj", "{9398310D-428C-4729-9484-D21C6A65D104}"
EndProject
Global
	GlobalSection(SolutionConfigurationPlatforms) = preSolution
		Debug|Any CPU = Debug|Any CPU
		Release|Any CPU = Release|Any CPU
	EndGlobalSection
	GlobalSection(ProjectConfigurationPlatforms) = postSolution
		{9398310D-428C-4729-9484-D21C6A65D104}.Debug|Any CPU.ActiveCfg = Debug|Any CPU
		{9398310D-428C-4729-9484-D21C6A65D104}.Debug|Any CPU.Build.0 = Debug|Any CPU
		{9398310D-428C-4729-9484-D21C6A65D104}.Release|Any CPU.ActiveCfg = Release|Any CPU
		{9398310D-428C-4729-9484-D21C6A65D104}.Release|Any CPU.Build.0 = Release|Any CPU
	EndGlobalSection
	GlobalSection(SolutionProperties) = preSolution
		HideSolutionNode = FALSE
	EndGlobalSection
	GlobalSection(ExtensibilityGlobals) = postSolution
		SolutionGuid = {4B4F86FA-9BC8-479E-BA46-54392894AEFF}
	EndGlobalSection
EndGlobal
